Microsoft Visual Studio Solution File, Format Version 12.00
# Visual Studio Version 17
VisualStudioVersion = 17.10.35013.160
MinimumVisualStudioVersion = 10.0.40219.1
Project("{8BC9CEB8-8B4A-11D0-8D11-00A0C91BC942}") = "libcpuid", "libcpuid\libcpuid_vc16.vcxproj", "{92BDBA37-96E3-4D85-B762-185E4407BB49}"
EndProject
Project("{8BC9CEB8-8B4A-11D0-8D11-00A0C91BC942}") = "cpuid_tool", "cpuid_tool\cpuid_tool_vc16.vcxproj", "{F1DDDBCD-8B05-4E89-BBDF-E5184DEEFFB8}"
EndProject
Global
	GlobalSection(SolutionConfigurationPlatforms) = preSolution
		Debug|ARM64 = Debug|ARM64
		Debug|ARM64EC = Debug|ARM64EC
		Debug|Win32 = Debug|Win32
		Debug|x64 = Debug|x64
		Release|ARM64 = Release|ARM64
		Release|ARM64EC = Release|ARM64EC
		Release|Win32 = Release|Win32
		Release|x64 = Release|x64
		ReleaseXP|ARM64 = ReleaseXP|ARM64
		ReleaseXP|ARM64EC = ReleaseXP|ARM64EC
		ReleaseXP|Win32 = ReleaseXP|Win32
		ReleaseXP|x64 = ReleaseXP|x64
	EndGlobalSection
	GlobalSection(ProjectConfigurationPlatforms) = postSolution
		{92BDBA37-96E3-4D85-B762-185E4407BB49}.Debug|ARM64.ActiveCfg = ReleaseDLL|ARM64
		{92BDBA37-96E3-4D85-B762-185E4407BB49}.Debug|ARM64.Build.0 = ReleaseDLL|ARM64
		{92BDBA37-96E3-4D85-B762-185E4407BB49}.Debug|ARM64EC.ActiveCfg = ReleaseDLL|ARM64EC
		{92BDBA37-96E3-4D85-B762-185E4407BB49}.Debug|ARM64EC.Build.0 = ReleaseDLL|ARM64EC
		{92BDBA37-96E3-4D85-B762-185E4407BB49}.Debug|Win32.ActiveCfg = Debug|Win32
		{92BDBA37-96E3-4D85-B762-185E4407BB49}.Debug|Win32.Build.0 = Debug|Win32
		{92BDBA37-96E3-4D85-B762-185E4407BB49}.Debug|x64.ActiveCfg = Debug|x64
		{92BDBA37-96E3-4D85-B762-185E4407BB49}.Debug|x64.Build.0 = Debug|x64
		{92BDBA37-96E3-4D85-B762-185E4407BB49}.Release|ARM64.ActiveCfg = Release|ARM64
		{92BDBA37-96E3-4D85-B762-185E4407BB49}.Release|ARM64.Build.0 = Release|ARM64
		{92BDBA37-96E3-4D85-B762-185E4407BB49}.Release|ARM64EC.ActiveCfg = Release|ARM64EC
		{92BDBA37-96E3-4D85-B762-185E4407BB49}.Release|ARM64EC.Build.0 = Release|ARM64EC
		{92BDBA37-96E3-4D85-B762-185E4407BB49}.Release|Win32.ActiveCfg = Release|Win32
		{92BDBA37-96E3-4D85-B762-185E4407BB49}.Release|Win32.Build.0 = Release|Win32
		{92BDBA37-96E3-4D85-B762-185E4407BB49}.Release|x64.ActiveCfg = Release|x64
		{92BDBA37-96E3-4D85-B762-185E4407BB49}.Release|x64.Build.0 = Release|x64
		{92BDBA37-96E3-4D85-B762-185E4407BB49}.ReleaseXP|ARM64.ActiveCfg = ReleaseXP|ARM64
		{92BDBA37-96E3-4D85-B762-185E4407BB49}.ReleaseXP|ARM64.Build.0 = ReleaseXP|ARM64
		{92BDBA37-96E3-4D85-B762-185E4407BB49}.ReleaseXP|ARM64EC.ActiveCfg = ReleaseXP|ARM64EC
		{92BDBA37-96E3-4D85-B762-185E4407BB49}.ReleaseXP|ARM64EC.Build.0 = ReleaseXP|ARM64EC
		{92BDBA37-96E3-4D85-B762-185E4407BB49}.ReleaseXP|Win32.ActiveCfg = ReleaseXP|Win32
		{92BDBA37-96E3-4D85-B762-185E4407BB49}.ReleaseXP|Win32.Build.0 = ReleaseXP|Win32
		{92BDBA37-96E3-4D85-B762-185E4407BB49}.ReleaseXP|x64.ActiveCfg = ReleaseXP|x64
		{92BDBA37-96E3-4D85-B762-185E4407BB49}.ReleaseXP|x64.Build.0 = ReleaseXP|x64
		{F1DDDBCD-8B05-4E89-BBDF-E5184DEEFFB8}.Debug|ARM64.ActiveCfg = Debug|ARM64
		{F1DDDBCD-8B05-4E89-BBDF-E5184DEEFFB8}.Debug|ARM64.Build.0 = Debug|ARM64
		{F1DDDBCD-8B05-4E89-BBDF-E5184DEEFFB8}.Debug|ARM64EC.ActiveCfg = Debug|ARM64EC
		{F1DDDBCD-8B05-4E89-BBDF-E5184DEEFFB8}.Debug|ARM64EC.Build.0 = Debug|ARM64EC
		{F1DDDBCD-8B05-4E89-BBDF-E5184DEEFFB8}.Debug|Win32.ActiveCfg = Debug|Win32
		{F1DDDBCD-8B05-4E89-BBDF-E5184DEEFFB8}.Debug|Win32.Build.0 = Debug|Win32
		{F1DDDBCD-8B05-4E89-BBDF-E5184DEEFFB8}.Debug|x64.ActiveCfg = Debug|x64
		{F1DDDBCD-8B05-4E89-BBDF-E5184DEEFFB8}.Debug|x64.Build.0 = Debug|x64
		{F1DDDBCD-8B05-4E89-BBDF-E5184DEEFFB8}.Release|ARM64.ActiveCfg = Release|ARM64
		{F1DDDBCD-8B05-4E89-BBDF-E5184DEEFFB8}.Release|ARM64.Build.0 = Release|ARM64
		{F1DDDBCD-8B05-4E89-BBDF-E5184DEEFFB8}.Release|ARM64EC.ActiveCfg = Release|ARM64EC
		{F1DDDBCD-8B05-4E89-BBDF-E5184DEEFFB8}.Release|ARM64EC.Build.0 = Release|ARM64EC
		{F1DDDBCD-8B05-4E89-BBDF-E5184DEEFFB8}.Release|Win32.ActiveCfg = Release|Win32
		{F1DDDBCD-8B05-4E89-BBDF-E5184DEEFFB8}.Release|Win32.Build.0 = Release|Win32
		{F1DDDBCD-8B05-4E89-BBDF-E5184DEEFFB8}.Release|x64.ActiveCfg = Release|x64
		{F1DDDBCD-8B05-4E89-BBDF-E5184DEEFFB8}.Release|x64.Build.0 = Release|x64
		{F1DDDBCD-8B05-4E89-BBDF-E5184DEEFFB8}.ReleaseXP|ARM64.ActiveCfg = ReleaseXP|ARM64
		{F1DDDBCD-8B05-4E89-BBDF-E5184DEEFFB8}.ReleaseXP|ARM64.Build.0 = ReleaseXP|ARM64
		{F1DDDBCD-8B05-4E89-BBDF-E5184DEEFFB8}.ReleaseXP|ARM64EC.ActiveCfg = ReleaseXP|ARM64EC
		{F1DDDBCD-8B05-4E89-BBDF-E5184DEEFFB8}.ReleaseXP|ARM64EC.Build.0 = ReleaseXP|ARM64EC
		{F1DDDBCD-8B05-4E89-BBDF-E5184DEEFFB8}.ReleaseXP|Win32.ActiveCfg = ReleaseXP|Win32
		{F1DDDBCD-8B05-4E89-BBDF-E5184DEEFFB8}.ReleaseXP|Win32.Build.0 = ReleaseXP|Win32
		{F1DDDBCD-8B05-4E89-BBDF-E5184DEEFFB8}.ReleaseXP|x64.ActiveCfg = ReleaseXP|x64
		{F1DDDBCD-8B05-4E89-BBDF-E5184DEEFFB8}.ReleaseXP|x64.Build.0 = ReleaseXP|x64
	EndGlobalSection
	GlobalSection(SolutionProperties) = preSolution
		HideSolutionNode = FALSE
	EndGlobalSection
	GlobalSection(ExtensibilityGlobals) = postSolution
		SolutionGuid = {D11F9948-E4B2-4D50-9CD0-E5B1ABFB5F5A}
	EndGlobalSection
EndGlobal
